github.com/a2aproject/a2a-go v0.3.15 h1:h5YpCiPq3jxQ5rIns7oDjPag3ivP8u817AzdA4F+NiI=
github.com/a2aproject/a2a-go v0.3.15/go.mod h1:I7Cm+a1oL+UT6zMoP+roaRE5vdfUa1iQGVN8aSOuZ0I=
github.com/a2aproject/a2a-go/v2 v2.3.1 h1:QWMdOX2UsJ8BJmjs952eo1FRyGsOVl0gFCKeM76AgGE=
github.com/a2aproject/a2a-go/v2 v2.3.1/go.mod h1:mkZr8y2bUgAVQsjs/5fHK7xrRlAHDybMEyxWh2tKRC8=
